// !$*UTF8*$!
{
	archiveVersion = 1;
	classes = {
	};
	objectVersion = 56;
	objects = {

/* Begin PBXBuildFile section */
		C1795D7A2A72914F009CC38F /* VCUser.swift in Sources */ = {isa = PBXBuildFile; fileRef = C1795D792A72914F009CC38F /* VCUser.swift */; };
		C1795D7D2A72A207009CC38F /* SwCrypt in Frameworks */ = {isa = PBXBuildFile; productRef = C1795D7C2A72A207009CC38F /* SwCrypt */; };
		C1795D802A72A716009CC38F /* ErrorView.swift in Sources */ = {isa = PBXBuildFile; fileRef = C1795D7F2A72A716009CC38F /* ErrorView.swift */; };
		C1795D822A72B2F3009CC38F /* EntryView.swift in Sources */ = {isa = PBXBuildFile; fileRef = C1795D812A72B2F3009CC38F /* EntryView.swift */; };
		C1795D852A72C974009CC38F /* WrappedRSA.swift in Sources */ = {isa = PBXBuildFile; fileRef = C1795D842A72C974009CC38F /* WrappedRSA.swift */; };
		C1C0D29A2A6F992F0083EC04 /* vChatApp.swift in Sources */ = {isa = PBXBuildFile; fileRef = C1C0D2992A6F992F0083EC04 /* vChatApp.swift */; };
		C1C0D29C2A6F992F0083EC04 /* ContentView.swift in Sources */ = {isa = PBXBuildFile; fileRef = C1C0D29B2A6F992F0083EC04 /* ContentView.swift */; };
		C1C0D29E2A6F99320083EC04 /* Assets.xcassets in Resources */ = {isa = PBXBuildFile; fileRef = C1C0D29D2A6F99320083EC04 /* Assets.xcassets */; };
		C1C0D2A12A6F99320083EC04 /* Preview Assets.xcassets in Resources */ = {isa = PBXBuildFile; fileRef = C1C0D2A02A6F99320083EC04 /* Preview Assets.xcassets */; };
		C1C0D2AD2A6F99320083EC04 /* vChatTests.swift in Sources */ = {isa = PBXBuildFile; fileRef = C1C0D2AC2A6F99320083EC04 /* vChatTests.swift */; };
		C1C0D2B72A6F99320083EC04 /* vChatUITests.swift in Sources */ = {isa = PBXBuildFile; fileRef = C1C0D2B62A6F99320083EC04 /* vChatUITests.swift */; };
		C1C0D2B92A6F99320083EC04 /* vChatUITestsLaunchTests.swift in Sources */ = {isa = PBXBuildFile; fileRef = C1C0D2B82A6F99320083EC04 /* vChatUITestsLaunchTests.swift */; };
		C1C0D2C92A702BB20083EC04 /* VCDevice.swift in Sources */ = {isa = PBXBuildFile; fileRef = C1C0D2C82A702BB20083EC04 /* VCDevice.swift */; };
		C1C0D2CB2A7033FC0083EC04 /* Localizable.xcstrings in Resources */ = {isa = PBXBuildFile; fileRef = C1C0D2CA2A7033FC0083EC04 /* Localizable.xcstrings */; };
		C1E9CC9C2A731D28001D2053 /* WrappedAES.swift in Sources */ = {isa = PBXBuildFile; fileRef = C1E9CC9B2A731D28001D2053 /* WrappedAES.swift */; };
		C1E9CC9E2A73226F001D2053 /* Digest.swift in Sources */ = {isa = PBXBuildFile; fileRef = C1E9CC9D2A73226F001D2053 /* Digest.swift */; };
		C1E9CCA02A73A53D001D2053 /* VCFriend.swift in Sources */ = {isa = PBXBuildFile; fileRef = C1E9CC9F2A73A53D001D2053 /* VCFriend.swift */; };
		C1F765F02A750E34004C4100 /* VCChatHistory.swift in Sources */ = {isa = PBXBuildFile; fileRef = C1F765EF2A750E34004C4100 /* VCChatHistory.swift */; };
/* End PBXBuildFile section */

/* Begin PBXContainerItemProxy section */
		C1C0D2A92A6F99320083EC04 /* PBXContainerItemProxy */ = {
			isa = PBXContainerItemProxy;
			containerPortal = C1C0D28E2A6F992F0083EC04 /* Project object */;
			proxyType = 1;
			remoteGlobalIDString = C1C0D2952A6F992F0083EC04;
			remoteInfo = vChat;
		};
		C1C0D2B32A6F99320083EC04 /* PBXContainerItemProxy */ = {
			isa = PBXContainerItemProxy;
			containerPortal = C1C0D28E2A6F992F0083EC04 /* Project object */;
			proxyType = 1;
			remoteGlobalIDString = C1C0D2952A6F992F0083EC04;
			remoteInfo = vChat;
		};
/* End PBXContainerItemProxy section */

/* Begin PBXFileReference section */
		C1795D792A72914F009CC38F /* VCUser.swift */ = {isa = PBXFileReference; lastKnownFileType = sourcecode.swift; path = VCUser.swift; sourceTree = "<group>"; };
		C1795D7F2A72A716009CC38F /* ErrorView.swift */ = {isa = PBXFileReference; lastKnownFileType = sourcecode.swift; path = ErrorView.swift; sourceTree = "<group>"; };
		C1795D812A72B2F3009CC38F /* EntryView.swift */ = {isa = PBXFileReference; lastKnownFileType = sourcecode.swift; path = EntryView.swift; sourceTree = "<group>"; };
		C1795D842A72C974009CC38F /* WrappedRSA.swift */ = {isa = PBXFileReference; lastKnownFileType = sourcecode.swift; path = WrappedRSA.swift; sourceTree = "<group>"; };
		C1C0D2962A6F992F0083EC04 /* vChat.app */ = {isa = PBXFileReference; explicitFileType = wrapper.application; includeInIndex = 0; path = vChat.app; sourceTree = BUILT_PRODUCTS_DIR; };
		C1C0D2992A6F992F0083EC04 /* vChatApp.swift */ = {isa = PBXFileReference; lastKnownFileType = sourcecode.swift; path = vChatApp.swift; sourceTree = "<group>"; };
		C1C0D29B2A6F992F0083EC04 /* ContentView.swift */ = {isa = PBXFileReference; lastKnownFileType = sourcecode.swift; path = ContentView.swift; sourceTree = "<group>"; };
		C1C0D29D2A6F99320083EC04 /* Assets.xcassets */ = {isa = PBXFileReference; lastKnownFileType = folder.assetcatalog; path = Assets.xcassets; sourceTree = "<group>"; };
		C1C0D2A02A6F99320083EC04 /* Preview Assets.xcassets */ = {isa = PBXFileReference; lastKnownFileType = folder.assetcatalog; path = "Preview Assets.xcassets"; sourceTree = "<group>"; };
		C1C0D2A82A6F99320083EC04 /* vChatTests.xctest */ = {isa = PBXFileReference; explicitFileType = wrapper.cfbundle; includeInIndex = 0; path = vChatTests.xctest; sourceTree = BUILT_PRODUCTS_DIR; };
		C1C0D2AC2A6F99320083EC04 /* vChatTests.swift */ = {isa = PBXFileReference; lastKnownFileType = sourcecode.swift; path = vChatTests.swift; sourceTree = "<group>"; };
		C1C0D2B22A6F99320083EC04 /* vChatUITests.xctest */ = {isa = PBXFileReference; explicitFileType = wrapper.cfbundle; includeInIndex = 0; path = vChatUITests.xctest; sourceTree = BUILT_PRODUCTS_DIR; };
		C1C0D2B62A6F99320083EC04 /* vChatUITests.swift */ = {isa = PBXFileReference; lastKnownFileType = sourcecode.swift; path = vChatUITests.swift; sourceTree = "<group>"; };
		C1C0D2B82A6F99320083EC04 /* vChatUITestsLaunchTests.swift */ = {isa = PBXFileReference; lastKnownFileType = sourcecode.swift; path = vChatUITestsLaunchTests.swift; sourceTree = "<group>"; };
		C1C0D2C82A702BB20083EC04 /* VCDevice.swift */ = {isa = PBXFileReference; lastKnownFileType = sourcecode.swift; path = VCDevice.swift; sourceTree = "<group>"; };
		C1C0D2CA2A7033FC0083EC04 /* Localizable.xcstrings */ = {isa = PBXFileReference; lastKnownFileType = text.json.xcstrings; path = Localizable.xcstrings; sourceTree = "<group>"; };
		C1E9CC9B2A731D28001D2053 /* WrappedAES.swift */ = {isa = PBXFileReference; lastKnownFileType = sourcecode.swift; path = WrappedAES.swift; sourceTree = "<group>"; };
		C1E9CC9D2A73226F001D2053 /* Digest.swift */ = {isa = PBXFileReference; lastKnownFileType = sourcecode.swift; path = Digest.swift; sourceTree = "<group>"; };
		C1E9CC9F2A73A53D001D2053 /* VCFriend.swift */ = {isa = PBXFileReference; lastKnownFileType = sourcecode.swift; path = VCFriend.swift; sourceTree = "<group>"; };
		C1F765EF2A750E34004C4100 /* VCChatHistory.swift */ = {isa = PBXFileReference; lastKnownFileType = sourcecode.swift; path = VCChatHistory.swift; sourceTree = "<group>"; };
/* End PBXFileReference section */

/* Begin PBXFrameworksBuildPhase section */
		C1C0D2932A6F992F0083EC04 /* Frameworks */ = {
			isa = PBXFrameworksBuildPhase;
			buildActionMask = 2147483647;
			files = (
				C1795D7D2A72A207009CC38F /* SwCrypt in Frameworks */,
			);
			runOnlyForDeploymentPostprocessing = 0;
		};
		C1C0D2A52A6F99320083EC04 /* Frameworks */ = {
			isa = PBXFrameworksBuildPhase;
			buildActionMask = 2147483647;
			files = (
			);
			runOnlyForDeploymentPostprocessing = 0;
		};
		C1C0D2AF2A6F99320083EC04 /* Frameworks */ = {
			isa = PBXFrameworksBuildPhase;
			buildActionMask = 2147483647;
			files = (
			);
			runOnlyForDeploymentPostprocessing = 0;
		};
/* End PBXFrameworksBuildPhase section */

/* Begin PBXGroup section */
		C1795D7E2A72A700009CC38F /* ErrorView */ = {
			isa = PBXGroup;
			children = (
				C1795D7F2A72A716009CC38F /* ErrorView.swift */,
			);
			path = ErrorView;
			sourceTree = "<group>";
		};
		C1795D832A72C94F009CC38F /* Encryption */ = {
			isa = PBXGroup;
			children = (
				C1795D842A72C974009CC38F /* WrappedRSA.swift */,
				C1E9CC9B2A731D28001D2053 /* WrappedAES.swift */,
				C1E9CC9D2A73226F001D2053 /* Digest.swift */,
			);
			path = Encryption;
			sourceTree = "<group>";
		};
		C1C0D28D2A6F992F0083EC04 = {
			isa = PBXGroup;
			children = (
				C1C0D2982A6F992F0083EC04 /* vChat */,
				C1C0D2AB2A6F99320083EC04 /* vChatTests */,
				C1C0D2B52A6F99320083EC04 /* vChatUITests */,
				C1C0D2972A6F992F0083EC04 /* Products */,
			);
			sourceTree = "<group>";
		};
		C1C0D2972A6F992F0083EC04 /* Products */ = {
			isa = PBXGroup;
			children = (
				C1C0D2962A6F992F0083EC04 /* vChat.app */,
				C1C0D2A82A6F99320083EC04 /* vChatTests.xctest */,
				C1C0D2B22A6F99320083EC04 /* vChatUITests.xctest */,
			);
			name = Products;
			sourceTree = "<group>";
		};
		C1C0D2982A6F992F0083EC04 /* vChat */ = {
			isa = PBXGroup;
			children = (
				C1795D832A72C94F009CC38F /* Encryption */,
				C1C0D2CA2A7033FC0083EC04 /* Localizable.xcstrings */,
				C1C0D2992A6F992F0083EC04 /* vChatApp.swift */,
				C1C0D29B2A6F992F0083EC04 /* ContentView.swift */,
				C1795D812A72B2F3009CC38F /* EntryView.swift */,
				C1795D7E2A72A700009CC38F /* ErrorView */,
				C1C0D2C72A702B950083EC04 /* Models */,
				C1C0D29D2A6F99320083EC04 /* Assets.xcassets */,
				C1C0D29F2A6F99320083EC04 /* Preview Content */,
			);
			path = vChat;
			sourceTree = "<group>";
		};
		C1C0D29F2A6F99320083EC04 /* Preview Content */ = {
			isa = PBXGroup;
			children = (
				C1C0D2A02A6F99320083EC04 /* Preview Assets.xcassets */,
			);
			path = "Preview Content";
			sourceTree = "<group>";
		};
		C1C0D2AB2A6F99320083EC04 /* vChatTests */ = {
			isa = PBXGroup;
			children = (
				C1C0D2AC2A6F99320083EC04 /* vChatTests.swift */,
			);
			path = vChatTests;
			sourceTree = "<group>";
		};
		C1C0D2B52A6F99320083EC04 /* vChatUITests */ = {
			isa = PBXGroup;
			children = (
				C1C0D2B62A6F99320083EC04 /* vChatUITests.swift */,
				C1C0D2B82A6F99320083EC04 /* vChatUITestsLaunchTests.swift */,
			);
			path = vChatUITests;
			sourceTree = "<group>";
		};
		C1C0D2C72A702B950083EC04 /* Models */ = {
			isa = PBXGroup;
			children = (
				C1C0D2C82A702BB20083EC04 /* VCDevice.swift */,
				C1795D792A72914F009CC38F /* VCUser.swift */,
				C1E9CC9F2A73A53D001D2053 /* VCFriend.swift */,
				C1F765EF2A750E34004C4100 /* VCChatHistory.swift */,
			);
			path = Models;
			sourceTree = "<group>";
		};
/* End PBXGroup section */

/* Begin PBXNativeTarget section */
		C1C0D2952A6F992F0083EC04 /* vChat */ = {
			isa = PBXNativeTarget;
			buildConfigurationList = C1C0D2BC2A6F99320083EC04 /* Build configuration list for PBXNativeTarget "vChat" */;
			buildPhases = (
				C1C0D2922A6F992F0083EC04 /* Sources */,
				C1C0D2932A6F992F0083EC04 /* Frameworks */,
				C1C0D2942A6F992F0083EC04 /* Resources */,
			);
			buildRules = (
			);
			dependencies = (
			);
			name = vChat;
			packageProductDependencies = (
				C1795D7C2A72A207009CC38F /* SwCrypt */,
			);
			productName = vChat;
			productReference = C1C0D2962A6F992F0083EC04 /* vChat.app */;
			productType = "com.apple.product-type.application";
		};
		C1C0D2A72A6F99320083EC04 /* vChatTests */ = {
			isa = PBXNativeTarget;
			buildConfigurationList = C1C0D2BF2A6F99320083EC04 /* Build configuration list for PBXNativeTarget "vChatTests" */;
			buildPhases = (
				C1C0D2A42A6F99320083EC04 /* Sources */,
				C1C0D2A52A6F99320083EC04 /* Frameworks */,
				C1C0D2A62A6F99320083EC04 /* Resources */,
			);
			buildRules = (
			);
			dependencies = (
				C1C0D2AA2A6F99320083EC04 /* PBXTargetDependency */,
			);
			name = vChatTests;
			productName = vChatTests;
			productReference = C1C0D2A82A6F99320083EC04 /* vChatTests.xctest */;
			productType = "com.apple.product-type.bundle.unit-test";
		};
		C1C0D2B12A6F99320083EC04 /* vChatUITests */ = {
			isa = PBXNativeTarget;
			buildConfigurationList = C1C0D2C22A6F99320083EC04 /* Build configuration list for PBXNativeTarget "vChatUITests" */;
			buildPhases = (
				C1C0D2AE2A6F99320083EC04 /* Sources */,
				C1C0D2AF2A6F99320083EC04 /* Frameworks */,
				C1C0D2B02A6F99320083EC04 /* Resources */,
			);
			buildRules = (
			);
			dependencies = (
				C1C0D2B42A6F99320083EC04 /* PBXTargetDependency */,
			);
			name = vChatUITests;
			productName = vChatUITests;
			productReference = C1C0D2B22A6F99320083EC04 /* vChatUITests.xctest */;
			productType = "com.apple.product-type.bundle.ui-testing";
		};
/* End PBXNativeTarget section */

/* Begin PBXProject section */
		C1C0D28E2A6F992F0083EC04 /* Project object */ = {
			isa = PBXProject;
			attributes = {
				BuildIndependentTargetsInParallel = 1;
				LastSwiftUpdateCheck = 1500;
				LastUpgradeCheck = 1500;
				TargetAttributes = {
					C1C0D2952A6F992F0083EC04 = {
						CreatedOnToolsVersion = 15.0;
					};
					C1C0D2A72A6F99320083EC04 = {
						CreatedOnToolsVersion = 15.0;
						TestTargetID = C1C0D2952A6F992F0083EC04;
					};
					C1C0D2B12A6F99320083EC04 = {
						CreatedOnToolsVersion = 15.0;
						TestTargetID = C1C0D2952A6F992F0083EC04;
					};
				};
			};
			buildConfigurationList = C1C0D2912A6F992F0083EC04 /* Build configuration list for PBXProject "vChat" */;
			compatibilityVersion = "Xcode 14.0";
			developmentRegion = en;
			hasScannedForEncodings = 0;
			knownRegions = (
				en,
				Base,
			);
			mainGroup = C1C0D28D2A6F992F0083EC04;
			packageReferences = (
				C1795D7B2A72A207009CC38F /* XCRemoteSwiftPackageReference "SwCrypt" */,
			);
			productRefGroup = C1C0D2972A6F992F0083EC04 /* Products */;
			projectDirPath = "";
			projectRoot = "";
			targets = (
				C1C0D2952A6F992F0083EC04 /* vChat */,
				C1C0D2A72A6F99320083EC04 /* vChatTests */,
				C1C0D2B12A6F99320083EC04 /* vChatUITests */,
			);
		};
/* End PBXProject section */

/* Begin PBXResourcesBuildPhase section */
		C1C0D2942A6F992F0083EC04 /* Resources */ = {
			isa = PBXResourcesBuildPhase;
			buildActionMask = 2147483647;
			files = (
				C1C0D2A12A6F99320083EC04 /* Preview Assets.xcassets in Resources */,
				C1C0D29E2A6F99320083EC04 /* Assets.xcassets in Resources */,
				C1C0D2CB2A7033FC0083EC04 /* Localizable.xcstrings in Resources */,
			);
			runOnlyForDeploymentPostprocessing = 0;
		};
		C1C0D2A62A6F99320083EC04 /* Resources */ = {
			isa = PBXResourcesBuildPhase;
			buildActionMask = 2147483647;
			files = (
			);
			runOnlyForDeploymentPostprocessing = 0;
		};
		C1C0D2B02A6F99320083EC04 /* Resources */ = {
			isa = PBXResourcesBuildPhase;
			buildActionMask = 2147483647;
			files = (
			);
			runOnlyForDeploymentPostprocessing = 0;
		};
/* End PBXResourcesBuildPhase section */

/* Begin PBXSourcesBuildPhase section */
		C1C0D2922A6F992F0083EC04 /* Sources */ = {
			isa = PBXSourcesBuildPhase;
			buildActionMask = 2147483647;
			files = (
				C1795D802A72A716009CC38F /* ErrorView.swift in Sources */,
				C1C0D29C2A6F992F0083EC04 /* ContentView.swift in Sources */,
				C1C0D2C92A702BB20083EC04 /* VCDevice.swift in Sources */,
				C1C0D29A2A6F992F0083EC04 /* vChatApp.swift in Sources */,
				C1795D852A72C974009CC38F /* WrappedRSA.swift in Sources */,
				C1795D7A2A72914F009CC38F /* VCUser.swift in Sources */,
				C1795D822A72B2F3009CC38F /* EntryView.swift in Sources */,
				C1E9CC9C2A731D28001D2053 /* WrappedAES.swift in Sources */,
				C1E9CCA02A73A53D001D2053 /* VCFriend.swift in Sources */,
				C1F765F02A750E34004C4100 /* VCChatHistory.swift in Sources */,
				C1E9CC9E2A73226F001D2053 /* Digest.swift in Sources */,
			);
			runOnlyForDeploymentPostprocessing = 0;
		};
		C1C0D2A42A6F99320083EC04 /* Sources */ = {
			isa = PBXSourcesBuildPhase;
			buildActionMask = 2147483647;
			files = (
				C1C0D2AD2A6F99320083EC04 /* vChatTests.swift in Sources */,
			);
			runOnlyForDeploymentPostprocessing = 0;
		};
		C1C0D2AE2A6F99320083EC04 /* Sources */ = {
			isa = PBXSourcesBuildPhase;
			buildActionMask = 2147483647;
			files = (
				C1C0D2B72A6F99320083EC04 /* vChatUITests.swift in Sources */,
				C1C0D2B92A6F99320083EC04 /* vChatUITestsLaunchTests.swift in Sources */,
			);
			runOnlyForDeploymentPostprocessing = 0;
		};
/* End PBXSourcesBuildPhase section */

/* Begin PBXTargetDependency section */
		C1C0D2AA2A6F99320083EC04 /* PBXTargetDependency */ = {
			isa = PBXTargetDependency;
			target = C1C0D2952A6F992F0083EC04 /* vChat */;
			targetProxy = C1C0D2A92A6F99320083EC04 /* PBXContainerItemProxy */;
		};
		C1C0D2B42A6F99320083EC04 /* PBXTargetDependency */ = {
			isa = PBXTargetDependency;
			target = C1C0D2952A6F992F0083EC04 /* vChat */;
			targetProxy = C1C0D2B32A6F99320083EC04 /* PBXContainerItemProxy */;
		};
/* End PBXTargetDependency section */

/* Begin XCBuildConfiguration section */
		C1C0D2BA2A6F99320083EC04 /* Debug */ = {
			isa = XCBuildConfiguration;
			buildSettings = {
				ALWAYS_SEARCH_USER_PATHS = NO;
				ASSETCATALOG_COMPILER_GENERATE_SWIFT_ASSET_SYMBOL_EXTENSIONS = YES;
				CLANG_ANALYZER_NONNULL = YES;
				CLANG_ANALYZER_NUMBER_OBJECT_CONVERSION = YES_AGGRESSIVE;
				CLANG_CXX_LANGUAGE_STANDARD = "gnu++20";
				CLANG_ENABLE_MODULES = YES;
				CLANG_ENABLE_OBJC_ARC = YES;
				CLANG_ENABLE_OBJC_WEAK = YES;
				CLANG_WARN_BLOCK_CAPTURE_AUTORELEASING = YES;
				CLANG_WARN_BOOL_CONVERSION = YES;
				CLANG_WARN_COMMA = YES;
				CLANG_WARN_CONSTANT_CONVERSION = YES;
				CLANG_WARN_DEPRECATED_OBJC_IMPLEMENTATIONS = YES;
				CLANG_WARN_DIRECT_OBJC_ISA_USAGE = YES_ERROR;
				CLANG_WARN_DOCUMENTATION_COMMENTS = YES;
				CLANG_WARN_EMPTY_BODY = YES;
				CLANG_WARN_ENUM_CONVERSION = YES;
				CLANG_WARN_INFINITE_RECURSION = YES;
				CLANG_WARN_INT_CONVERSION = YES;
				CLANG_WARN_NON_LITERAL_NULL_CONVERSION = YES;
				CLANG_WARN_OBJC_IMPLICIT_RETAIN_SELF = YES;
				CLANG_WARN_OBJC_LITERAL_CONVERSION = YES;
				CLANG_WARN_OBJC_ROOT_CLASS = YES_ERROR;
				CLANG_WARN_QUOTED_INCLUDE_IN_FRAMEWORK_HEADER = YES;
				CLANG_WARN_RANGE_LOOP_ANALYSIS = YES;
				CLANG_WARN_STRICT_PROTOTYPES = YES;
				CLANG_WARN_SUSPICIOUS_MOVE = YES;
				CLANG_WARN_UNGUARDED_AVAILABILITY = YES_AGGRESSIVE;
				CLANG_WARN_UNREACHABLE_CODE = YES;
				CLANG_WARN__DUPLICATE_METHOD_MATCH = YES;
				COPY_PHASE_STRIP = NO;
				DEBUG_INFORMATION_FORMAT = dwarf;
				ENABLE_STRICT_OBJC_MSGSEND = YES;
				ENABLE_TESTABILITY = YES;
				ENABLE_USER_SCRIPT_SANDBOXING = YES;
				GCC_C_LANGUAGE_STANDARD = gnu17;
				GCC_DYNAMIC_NO_PIC = NO;
				GCC_NO_COMMON_BLOCKS = YES;
				GCC_OPTIMIZATION_LEVEL = 0;
				GCC_PREPROCESSOR_DEFINITIONS = (
					"DEBUG=1",
					"$(inherited)",
				);
				GCC_WARN_64_TO_32_BIT_CONVERSION = YES;
				GCC_WARN_ABOUT_RETURN_TYPE = YES_ERROR;
				GCC_WARN_UNDECLARED_SELECTOR = YES;
				GCC_WARN_UNINITIALIZED_AUTOS = YES_AGGRESSIVE;
				GCC_WARN_UNUSED_FUNCTION = YES;
				GCC_WARN_UNUSED_VARIABLE = YES;
				IPHONEOS_DEPLOYMENT_TARGET = 17.0;
				LOCALIZATION_PREFERS_STRING_CATALOGS = YES;
				MTL_ENABLE_DEBUG_INFO = INCLUDE_SOURCE;
				MTL_FAST_MATH = YES;
				ONLY_ACTIVE_ARCH = YES;
				SDKROOT = iphoneos;
				SWIFT_ACTIVE_COMPILATION_CONDITIONS = "DEBUG $(inherited)";
				SWIFT_OPTIMIZATION_LEVEL = "-Onone";
			};
			name = Debug;
		};
		C1C0D2BB2A6F99320083EC04 /* Release */ = {
			isa = XCBuildConfiguration;
			buildSettings = {
				ALWAYS_SEARCH_USER_PATHS = NO;
				ASSETCATALOG_COMPILER_GENERATE_SWIFT_ASSET_SYMBOL_EXTENSIONS = YES;
				CLANG_ANALYZER_NONNULL = YES;
				CLANG_ANALYZER_NUMBER_OBJECT_CONVERSION = YES_AGGRESSIVE;
				CLANG_CXX_LANGUAGE_STANDARD = "gnu++20";
				CLANG_ENABLE_MODULES = YES;
				CLANG_ENABLE_OBJC_ARC = YES;
				CLANG_ENABLE_OBJC_WEAK = YES;
				CLANG_WARN_BLOCK_CAPTURE_AUTORELEASING = YES;
				CLANG_WARN_BOOL_CONVERSION = YES;
				CLANG_WARN_COMMA = YES;
				CLANG_WARN_CONSTANT_CONVERSION = YES;
				CLANG_WARN_DEPRECATED_OBJC_IMPLEMENTATIONS = YES;
				CLANG_WARN_DIRECT_OBJC_ISA_USAGE = YES_ERROR;
				CLANG_WARN_DOCUMENTATION_COMMENTS = YES;
				CLANG_WARN_EMPTY_BODY = YES;
				CLANG_WARN_ENUM_CONVERSION = YES;
				CLANG_WARN_INFINITE_RECURSION = YES;
				CLANG_WARN_INT_CONVERSION = YES;
				CLANG_WARN_NON_LITERAL_NULL_CONVERSION = YES;
				CLANG_WARN_OBJC_IMPLICIT_RETAIN_SELF = YES;
				CLANG_WARN_OBJC_LITERAL_CONVERSION = YES;
				CLANG_WARN_OBJC_ROOT_CLASS = YES_ERROR;
				CLANG_WARN_QUOTED_INCLUDE_IN_FRAMEWORK_HEADER = YES;
				CLANG_WARN_RANGE_LOOP_ANALYSIS = YES;
				CLANG_WARN_STRICT_PROTOTYPES = YES;
				CLANG_WARN_SUSPICIOUS_MOVE = YES;
				CLANG_WARN_UNGUARDED_AVAILABILITY = YES_AGGRESSIVE;
				CLANG_WARN_UNREACHABLE_CODE = YES;
				CLANG_WARN__DUPLICATE_METHOD_MATCH = YES;
				COPY_PHASE_STRIP = NO;
				DEBUG_INFORMATION_FORMAT = "dwarf-with-dsym";
				ENABLE_NS_ASSERTIONS = NO;
				ENABLE_STRICT_OBJC_MSGSEND = YES;
				ENABLE_USER_SCRIPT_SANDBOXING = YES;
				GCC_C_LANGUAGE_STANDARD = gnu17;
				GCC_NO_COMMON_BLOCKS = YES;
				GCC_WARN_64_TO_32_BIT_CONVERSION = YES;
				GCC_WARN_ABOUT_RETURN_TYPE = YES_ERROR;
				GCC_WARN_UNDECLARED_SELECTOR = YES;
				GCC_WARN_UNINITIALIZED_AUTOS = YES_AGGRESSIVE;
				GCC_WARN_UNUSED_FUNCTION = YES;
				GCC_WARN_UNUSED_VARIABLE = YES;
				IPHONEOS_DEPLOYMENT_TARGET = 17.0;
				LOCALIZATION_PREFERS_STRING_CATALOGS = YES;
				MTL_ENABLE_DEBUG_INFO = NO;
				MTL_FAST_MATH = YES;
				SDKROOT = iphoneos;
				SWIFT_COMPILATION_MODE = wholemodule;
				VALIDATE_PRODUCT = YES;
			};
			name = Release;
		};
		C1C0D2BD2A6F99320083EC04 /* Debug */ = {
			isa = XCBuildConfiguration;
			buildSettings = {
				ASSETCATALOG_COMPILER_APPICON_NAME = AppIcon;
				ASSETCATALOG_COMPILER_GLOBAL_ACCENT_COLOR_NAME = AccentColor;
				CODE_SIGN_STYLE = Automatic;
				CURRENT_PROJECT_VERSION = 1;
				DEVELOPMENT_ASSET_PATHS = "\"vChat/Preview Content\"";
				DEVELOPMENT_TEAM = LZUKR73W9L;
				ENABLE_PREVIEWS = YES;
				GENERATE_INFOPLIST_FILE = YES;
				INFOPLIST_KEY_UIApplicationSceneManifest_Generation = YES;
				INFOPLIST_KEY_UIApplicationSupportsIndirectInputEvents = YES;
				INFOPLIST_KEY_UILaunchScreen_Generation = YES;
				INFOPLIST_KEY_UISupportedInterfaceOrientations_iPad = "UIInterfaceOrientationPortrait UIInterfaceOrientationPortraitUpsideDown UIInterfaceOrientationLandscapeLeft UIInterfaceOrientationLandscapeRight";
				INFOPLIST_KEY_UISupportedInterfaceOrientations_iPhone = "UIInterfaceOrientationPortrait UIInterfaceOrientationLandscapeLeft UIInterfaceOrientationLandscapeRight";
				LD_RUNPATH_SEARCH_PATHS = (
					"$(inherited)",
					"@executable_path/Frameworks",
				);
				MARKETING_VERSION = 1.0;
				PRODUCT_BUNDLE_IDENTIFIER = "com.millcode-era.vChat";
				PRODUCT_NAME = "$(TARGET_NAME)";
				SWIFT_EMIT_LOC_STRINGS = YES;
				SWIFT_VERSION = 5.0;
				TARGETED_DEVICE_FAMILY = "1,2";
			};
			name = Debug;
		};
		C1C0D2BE2A6F99320083EC04 /* Release */ = {
			isa = XCBuildConfiguration;
			buildSettings = {
				ASSETCATALOG_COMPILER_APPICON_NAME = AppIcon;
				ASSETCATALOG_COMPILER_GLOBAL_ACCENT_COLOR_NAME = AccentColor;
				CODE_SIGN_STYLE = Automatic;
				CURRENT_PROJECT_VERSION = 1;
				DEVELOPMENT_ASSET_PATHS = "\"vChat/Preview Content\"";
				DEVELOPMENT_TEAM = LZUKR73W9L;
				ENABLE_PREVIEWS = YES;
				GENERATE_INFOPLIST_FILE = YES;
				INFOPLIST_KEY_UIApplicationSceneManifest_Generation = YES;
				INFOPLIST_KEY_UIApplicationSupportsIndirectInputEvents = YES;
				INFOPLIST_KEY_UILaunchScreen_Generation = YES;
				INFOPLIST_KEY_UISupportedInterfaceOrientations_iPad = "UIInterfaceOrientationPortrait UIInterfaceOrientationPortraitUpsideDown UIInterfaceOrientationLandscapeLeft UIInterfaceOrientationLandscapeRight";
				INFOPLIST_KEY_UISupportedInterfaceOrientations_iPhone = "UIInterfaceOrientationPortrait UIInterfaceOrientationLandscapeLeft UIInterfaceOrientationLandscapeRight";
				LD_RUNPATH_SEARCH_PATHS = (
					"$(inherited)",
					"@executable_path/Frameworks",
				);
				MARKETING_VERSION = 1.0;
				PRODUCT_BUNDLE_IDENTIFIER = "com.millcode-era.vChat";
				PRODUCT_NAME = "$(TARGET_NAME)";
				SWIFT_EMIT_LOC_STRINGS = YES;
				SWIFT_VERSION = 5.0;
				TARGETED_DEVICE_FAMILY = "1,2";
			};
			name = Release;
		};
		C1C0D2C02A6F99320083EC04 /* Debug */ = {
			isa = XCBuildConfiguration;
			buildSettings = {
				ALWAYS_EMBED_SWIFT_STANDARD_LIBRARIES = YES;
				BUNDLE_LOADER = "$(TEST_HOST)";
				CODE_SIGN_STYLE = Automatic;
				CURRENT_PROJECT_VERSION = 1;
				DEVELOPMENT_TEAM = LZUKR73W9L;
				GENERATE_INFOPLIST_FILE = YES;
				IPHONEOS_DEPLOYMENT_TARGET = 17.0;
				MARKETING_VERSION = 1.0;
				PRODUCT_BUNDLE_IDENTIFIER = "com.millcode-era.vChatTests";
				PRODUCT_NAME = "$(TARGET_NAME)";
				SWIFT_EMIT_LOC_STRINGS = NO;
				SWIFT_VERSION = 5.0;
				TARGETED_DEVICE_FAMILY = "1,2";
				TEST_HOST = "$(BUILT_PRODUCTS_DIR)/vChat.app/$(BUNDLE_EXECUTABLE_FOLDER_PATH)/vChat";
			};
			name = Debug;
		};
		C1C0D2C12A6F99320083EC04 /* Release */ = {
			isa = XCBuildConfiguration;
			buildSettings = {
				ALWAYS_EMBED_SWIFT_STANDARD_LIBRARIES = YES;
				BUNDLE_LOADER = "$(TEST_HOST)";
				CODE_SIGN_STYLE = Automatic;
				CURRENT_PROJECT_VERSION = 1;
				DEVELOPMENT_TEAM = LZUKR73W9L;
				GENERATE_INFOPLIST_FILE = YES;
				IPHONEOS_DEPLOYMENT_TARGET = 17.0;
				MARKETING_VERSION = 1.0;
				PRODUCT_BUNDLE_IDENTIFIER = "com.millcode-era.vChatTests";
				PRODUCT_NAME = "$(TARGET_NAME)";
				SWIFT_EMIT_LOC_STRINGS = NO;
				SWIFT_VERSION = 5.0;
				TARGETED_DEVICE_FAMILY = "1,2";
				TEST_HOST = "$(BUILT_PRODUCTS_DIR)/vChat.app/$(BUNDLE_EXECUTABLE_FOLDER_PATH)/vChat";
			};
			name = Release;
		};
		C1C0D2C32A6F99320083EC04 /* Debug */ = {
			isa = XCBuildConfiguration;
			buildSettings = {
				ALWAYS_EMBED_SWIFT_STANDARD_LIBRARIES = YES;
				CODE_SIGN_STYLE = Automatic;
				CURRENT_PROJECT_VERSION = 1;
				DEVELOPMENT_TEAM = LZUKR73W9L;
				GENERATE_INFOPLIST_FILE = YES;
				MARKETING_VERSION = 1.0;
				PRODUCT_BUNDLE_IDENTIFIER = "com.millcode-era.vChatUITests";
				PRODUCT_NAME = "$(TARGET_NAME)";
				SWIFT_EMIT_LOC_STRINGS = NO;
				SWIFT_VERSION = 5.0;
				TARGETED_DEVICE_FAMILY = "1,2";
				TEST_TARGET_NAME = vChat;
			};
			name = Debug;
		};
		C1C0D2C42A6F99320083EC04 /* Release */ = {
			isa = XCBuildConfiguration;
			buildSettings = {
				ALWAYS_EMBED_SWIFT_STANDARD_LIBRARIES = YES;
				CODE_SIGN_STYLE = Automatic;
				CURRENT_PROJECT_VERSION = 1;
				DEVELOPMENT_TEAM = LZUKR73W9L;
				GENERATE_INFOPLIST_FILE = YES;
				MARKETING_VERSION = 1.0;
				PRODUCT_BUNDLE_IDENTIFIER = "com.millcode-era.vChatUITests";
				PRODUCT_NAME = "$(TARGET_NAME)";
				SWIFT_EMIT_LOC_STRINGS = NO;
				SWIFT_VERSION = 5.0;
				TARGETED_DEVICE_FAMILY = "1,2";
				TEST_TARGET_NAME = vChat;
			};
			name = Release;
		};
/* End XCBuildConfiguration section */

/* Begin XCConfigurationList section */
		C1C0D2912A6F992F0083EC04 /* Build configuration list for PBXProject "vChat" */ = {
			isa = XCConfigurationList;
			buildConfigurations = (
				C1C0D2BA2A6F99320083EC04 /* Debug */,
				C1C0D2BB2A6F99320083EC04 /* Release */,
			);
			defaultConfigurationIsVisible = 0;
			defaultConfigurationName = Release;
		};
		C1C0D2BC2A6F99320083EC04 /* Build configuration list for PBXNativeTarget "vChat" */ = {
			isa = XCConfigurationList;
			buildConfigurations = (
				C1C0D2BD2A6F99320083EC04 /* Debug */,
				C1C0D2BE2A6F99320083EC04 /* Release */,
			);
			defaultConfigurationIsVisible = 0;
			defaultConfigurationName = Release;
		};
		C1C0D2BF2A6F99320083EC04 /* Build configuration list for PBXNativeTarget "vChatTests" */ = {
			isa = XCConfigurationList;
			buildConfigurations = (
				C1C0D2C02A6F99320083EC04 /* Debug */,
				C1C0D2C12A6F99320083EC04 /* Release */,
			);
			defaultConfigurationIsVisible = 0;
			defaultConfigurationName = Release;
		};
		C1C0D2C22A6F99320083EC04 /* Build configuration list for PBXNativeTarget "vChatUITests" */ = {
			isa = XCConfigurationList;
			buildConfigurations = (
				C1C0D2C32A6F99320083EC04 /* Debug */,
				C1C0D2C42A6F99320083EC04 /* Release */,
			);
			defaultConfigurationIsVisible = 0;
			defaultConfigurationName = Release;
		};
/* End XCConfigurationList section */

/* Begin XCRemoteSwiftPackageReference section */
		C1795D7B2A72A207009CC38F /* XCRemoteSwiftPackageReference "SwCrypt" */ = {
			isa = XCRemoteSwiftPackageReference;
			repositoryURL = "https://github.com/soyersoyer/SwCrypt";
			requirement = {
				kind = upToNextMinorVersion;
				minimumVersion = 5.1.4;
			};
		};
/* End XCRemoteSwiftPackageReference section */

/* Begin XCSwiftPackageProductDependency section */
		C1795D7C2A72A207009CC38F /* SwCrypt */ = {
			isa = XCSwiftPackageProductDependency;
			package = C1795D7B2A72A207009CC38F /* XCRemoteSwiftPackageReference "SwCrypt" */;
			productName = SwCrypt;
		};
/* End XCSwiftPackageProductDependency section */
	};
	rootObject = C1C0D28E2A6F992F0083EC04 /* Project object */;
}
